
Microsoft Visual Studio Solution File, Format Version 12.00
# Visual Studio Version 16
VisualStudioVersion = 16.0.32602.291
MinimumVisualStudioVersion = 10.0.40219.1
Project("{FAE04EC0-301F-11D3-BF4B-00C04F79EFBC}") = "Programmer", "Programmer\Programmer.csproj", "{26379B04-B53D-4D11-AEF5-C3BED48EDA06}"
EndProject
Global
	GlobalSection(SolutionConfigurationPlatforms) = preSolution
		Debug|Any CPU = Debug|Any CPU
		Release|Any CPU = Release|Any CPU
	EndGlobalSection
	GlobalSection(ProjectConfigurationPlatforms) = postSolution
		{26379B04-B53D-4D11-AEF5-C3BED48EDA06}.Debug|Any CPU.ActiveCfg = Debug|Any CPU
		{26379B04-B53D-4D11-AEF5-C3BED48EDA06}.Debug|Any CPU.Build.0 = Debug|Any CPU
		{26379B04-B53D-4D11-AEF5-C3BED48EDA06}.Release|Any CPU.ActiveCfg = Release|Any CPU
		{26379B04-B53D-4D11-AEF5-C3BED48EDA06}.Release|Any CPU.Build.0 = Release|Any CPU
	EndGlobalSection
	GlobalSection(SolutionProperties) = preSolution
		HideSolutionNode = FALSE
	EndGlobalSection
	GlobalSection(ExtensibilityGlobals) = postSolution
		SolutionGuid = {A9D9EB77-4D73-4868-9EDA-B5D0D36447DF}
	EndGlobalSection
EndGlobal
